
Microsoft Visual Studio Solution File, Format Version 12.00
# Visual Studio Version 16
VisualStudioVersion = 16.0.31515.178
MinimumVisualStudioVersion = 10.0.40219.1
Project("{9A19103F-16F7-4668-BE54-9A1E7A4F7556}") = "S7Daemon", "S7Daemon\S7Daemon.csproj", "{1D25DC88-AAA2-4E24-A17B-3901BA5A8AAE}"
EndProject
Global
	GlobalSection(SolutionConfigurationPlatforms) = preSolution
		Debug|Any CPU = Debug|Any CPU
		Release|Any CPU = Release|Any CPU
	EndGlobalSection
	GlobalSection(ProjectConfigurationPlatforms) = postSolution
		{1D25DC88-AAA2-4E24-A17B-3901BA5A8AAE}.Debug|Any CPU.ActiveCfg = Debug|Any CPU
		{1D25DC88-AAA2-4E24-A17B-3901BA5A8AAE}.Debug|Any CPU.Build.0 = Debug|Any CPU
		{1D25DC88-AAA2-4E24-A17B-3901BA5A8AAE}.Release|Any CPU.ActiveCfg = Release|Any CPU
		{1D25DC88-AAA2-4E24-A17B-3901BA5A8AAE}.Release|Any CPU.Build.0 = Release|Any CPU
	EndGlobalSection
	GlobalSection(SolutionProperties) = preSolution
		HideSolutionNode = FALSE
	EndGlobalSection
	GlobalSection(ExtensibilityGlobals) = postSolution
		SolutionGuid = {6433E8FE-60F7-4EEB-A3D6-740E70972AA3}
	EndGlobalSection
EndGlobal
